

▼▼▼terraform plan実行結果

$ terraform plan    

module.network.data.aws_availability_zones.available: Reading...
module.network.data.aws_availability_zones.available: Read complete after 0s [id=ap-northeast-1]

Terraform used the selected providers to generate the following execution plan. Resource actions are indicated with the following symbols:
  + create

Terraform will perform the following actions:

  # module.network.aws_eip.nat will be created
  + resource "aws_eip" "nat" {
      + allocation_id        = (known after apply)
      + arn                  = (known after apply)
      + association_id       = (known after apply)
      + carrier_ip           = (known after apply)
      + customer_owned_ip    = (known after apply)
      + domain               = "vpc"
      + id                   = (known after apply)
      + instance             = (known after apply)
      + ipam_pool_id         = (known after apply)
      + network_border_group = (known after apply)
      + network_interface    = (known after apply)
      + private_dns          = (known after apply)
      + private_ip           = (known after apply)
      + ptr_record           = (known after apply)
      + public_dns           = (known after apply)
      + public_ip            = (known after apply)
      + public_ipv4_pool     = (known after apply)
      + tags                 = {
          + "Env"  = "prod"
          + "Name" = "train-reservation-prod-nat-eip"
        }
      + tags_all             = {
          + "Env"  = "prod"
          + "Name" = "train-reservation-prod-nat-eip"
        }
      + vpc                  = (known after apply)
    }

  # module.network.aws_internet_gateway.this will be created
  + resource "aws_internet_gateway" "this" {
      + arn      = (known after apply)
      + id       = (known after apply)
      + owner_id = (known after apply)
      + tags     = {
          + "Env"  = "prod"
          + "Name" = "train-reservation-prod-igw"
        }
      + tags_all = {
          + "Env"  = "prod"
          + "Name" = "train-reservation-prod-igw"
        }
      + vpc_id   = (known after apply)
    }

  # module.network.aws_nat_gateway.this will be created
  + resource "aws_nat_gateway" "this" {
      + allocation_id                      = (known after apply)
      + association_id                     = (known after apply)
      + connectivity_type                  = "public"
      + id                                 = (known after apply)
      + network_interface_id               = (known after apply)
      + private_ip                         = (known after apply)
      + public_ip                          = (known after apply)
      + secondary_private_ip_address_count = (known after apply)
      + secondary_private_ip_addresses     = (known after apply)
      + subnet_id                          = (known after apply)
      + tags                               = {
          + "Env"  = "prod"
          + "Name" = "train-reservation-prod-natgw"
        }
      + tags_all                           = {
          + "Env"  = "prod"
          + "Name" = "train-reservation-prod-natgw"
        }
    }

  # module.network.aws_route.private_app_nat will be created
  + resource "aws_route" "private_app_nat" {
      + destination_cidr_block = "0.0.0.0/0"
      + id                     = (known after apply)
      + instance_id            = (known after apply)
      + instance_owner_id      = (known after apply)
      + nat_gateway_id         = (known after apply)
      + network_interface_id   = (known after apply)
      + origin                 = (known after apply)
      + route_table_id         = (known after apply)
      + state                  = (known after apply)
    }

  # module.network.aws_route.public_internet_access will be created
  + resource "aws_route" "public_internet_access" {
      + destination_cidr_block = "0.0.0.0/0"
      + gateway_id             = (known after apply)
      + id                     = (known after apply)
      + instance_id            = (known after apply)
      + instance_owner_id      = (known after apply)
      + network_interface_id   = (known after apply)
      + origin                 = (known after apply)
      + route_table_id         = (known after apply)
      + state                  = (known after apply)
    }

  # module.network.aws_route_table.private_app will be created
  + resource "aws_route_table" "private_app" {
      + arn              = (known after apply)
      + id               = (known after apply)
      + owner_id         = (known after apply)
      + propagating_vgws = (known after apply)
      + route            = (known after apply)
      + tags             = {
          + "Env"  = "prod"
          + "Name" = "train-reservation-prod-private-app-rt"
        }
      + tags_all         = {
          + "Env"  = "prod"
          + "Name" = "train-reservation-prod-private-app-rt"
        }
      + vpc_id           = (known after apply)
    }

  # module.network.aws_route_table.private_db will be created
  + resource "aws_route_table" "private_db" {
      + arn              = (known after apply)
      + id               = (known after apply)
      + owner_id         = (known after apply)
      + propagating_vgws = (known after apply)
      + route            = (known after apply)
      + tags             = {
          + "Env"  = "prod"
          + "Name" = "train-reservation-prod-private-db-rt"
        }
      + tags_all         = {
          + "Env"  = "prod"
          + "Name" = "train-reservation-prod-private-db-rt"
        }
      + vpc_id           = (known after apply)
    }

  # module.network.aws_route_table.public will be created
  + resource "aws_route_table" "public" {
      + arn              = (known after apply)
      + id               = (known after apply)
      + owner_id         = (known after apply)
      + propagating_vgws = (known after apply)
      + route            = (known after apply)
      + tags             = {
          + "Env"  = "prod"
          + "Name" = "train-reservation-prod-public-rt"
        }
      + tags_all         = {
          + "Env"  = "prod"
          + "Name" = "train-reservation-prod-public-rt"
        }
      + vpc_id           = (known after apply)
    }

  # module.network.aws_route_table_association.private_app["0"] will be created
  + resource "aws_route_table_association" "private_app" {
      + id             = (known after apply)
      + route_table_id = (known after apply)
      + subnet_id      = (known after apply)
    }

  # module.network.aws_route_table_association.private_app["1"] will be created
  + resource "aws_route_table_association" "private_app" {
      + id             = (known after apply)
      + route_table_id = (known after apply)
      + subnet_id      = (known after apply)
    }

  # module.network.aws_route_table_association.private_db["0"] will be created
  + resource "aws_route_table_association" "private_db" {
      + id             = (known after apply)
      + route_table_id = (known after apply)
      + subnet_id      = (known after apply)
    }

  # module.network.aws_route_table_association.private_db["1"] will be created
  + resource "aws_route_table_association" "private_db" {
      + id             = (known after apply)
      + route_table_id = (known after apply)
      + subnet_id      = (known after apply)
    }

  # module.network.aws_route_table_association.public["0"] will be created
  + resource "aws_route_table_association" "public" {
      + id             = (known after apply)
      + route_table_id = (known after apply)
      + subnet_id      = (known after apply)
    }

  # module.network.aws_route_table_association.public["1"] will be created
  + resource "aws_route_table_association" "public" {
      + id             = (known after apply)
      + route_table_id = (known after apply)
      + subnet_id      = (known after apply)
    }

  # module.network.aws_subnet.private_app["0"] will be created
  + resource "aws_subnet" "private_app" {
      + arn                                            = (known after apply)
      + assign_ipv6_address_on_creation                = false
      + availability_zone                              = "ap-northeast-1a"
      + availability_zone_id                           = (known after apply)
      + cidr_block                                     = "10.0.10.0/24"
      + enable_dns64                                   = false
      + enable_resource_name_dns_a_record_on_launch    = false
      + enable_resource_name_dns_aaaa_record_on_launch = false
      + id                                             = (known after apply)
      + ipv6_cidr_block_association_id                 = (known after apply)
      + ipv6_native                                    = false
      + map_public_ip_on_launch                        = false
      + owner_id                                       = (known after apply)
      + private_dns_hostname_type_on_launch            = (known after apply)
      + tags                                           = {
          + "Env"  = "prod"
          + "Name" = "train-reservation-prod-private-app-0"
          + "Tier" = "private-app"
        }
      + tags_all                                       = {
          + "Env"  = "prod"
          + "Name" = "train-reservation-prod-private-app-0"
          + "Tier" = "private-app"
        }
      + vpc_id                                         = (known after apply)
    }

  # module.network.aws_subnet.private_app["1"] will be created
  + resource "aws_subnet" "private_app" {
      + arn                                            = (known after apply)
      + assign_ipv6_address_on_creation                = false
      + availability_zone                              = "ap-northeast-1c"
      + availability_zone_id                           = (known after apply)
      + cidr_block                                     = "10.0.11.0/24"
      + enable_dns64                                   = false
      + enable_resource_name_dns_a_record_on_launch    = false
      + enable_resource_name_dns_aaaa_record_on_launch = false
      + id                                             = (known after apply)
      + ipv6_cidr_block_association_id                 = (known after apply)
      + ipv6_native                                    = false
      + map_public_ip_on_launch                        = false
      + owner_id                                       = (known after apply)
      + private_dns_hostname_type_on_launch            = (known after apply)
      + tags                                           = {
          + "Env"  = "prod"
          + "Name" = "train-reservation-prod-private-app-1"
          + "Tier" = "private-app"
        }
      + tags_all                                       = {
          + "Env"  = "prod"
          + "Name" = "train-reservation-prod-private-app-1"
          + "Tier" = "private-app"
        }
      + vpc_id                                         = (known after apply)
    }

  # module.network.aws_subnet.private_db["0"] will be created
  + resource "aws_subnet" "private_db" {
      + arn                                            = (known after apply)
      + assign_ipv6_address_on_creation                = false
      + availability_zone                              = "ap-northeast-1a"
      + availability_zone_id                           = (known after apply)
      + cidr_block                                     = "10.0.20.0/24"
      + enable_dns64                                   = false
      + enable_resource_name_dns_a_record_on_launch    = false
      + enable_resource_name_dns_aaaa_record_on_launch = false
      + id                                             = (known after apply)
      + ipv6_cidr_block_association_id                 = (known after apply)
      + ipv6_native                                    = false
      + map_public_ip_on_launch                        = false
      + owner_id                                       = (known after apply)
      + private_dns_hostname_type_on_launch            = (known after apply)
      + tags                                           = {
          + "Env"  = "prod"
          + "Name" = "train-reservation-prod-private-db-0"
          + "Tier" = "private-db"
        }
      + tags_all                                       = {
          + "Env"  = "prod"
          + "Name" = "train-reservation-prod-private-db-0"
          + "Tier" = "private-db"
        }
      + vpc_id                                         = (known after apply)
    }

  # module.network.aws_subnet.private_db["1"] will be created
  + resource "aws_subnet" "private_db" {
      + arn                                            = (known after apply)
      + assign_ipv6_address_on_creation                = false
      + availability_zone                              = "ap-northeast-1c"
      + availability_zone_id                           = (known after apply)
      + cidr_block                                     = "10.0.21.0/24"
      + enable_dns64                                   = false
      + enable_resource_name_dns_a_record_on_launch    = false
      + enable_resource_name_dns_aaaa_record_on_launch = false
      + id                                             = (known after apply)
      + ipv6_cidr_block_association_id                 = (known after apply)
      + ipv6_native                                    = false
      + map_public_ip_on_launch                        = false
      + owner_id                                       = (known after apply)
      + private_dns_hostname_type_on_launch            = (known after apply)
      + tags                                           = {
          + "Env"  = "prod"
          + "Name" = "train-reservation-prod-private-db-1"
          + "Tier" = "private-db"
        }
      + tags_all                                       = {
          + "Env"  = "prod"
          + "Name" = "train-reservation-prod-private-db-1"
          + "Tier" = "private-db"
        }
      + vpc_id                                         = (known after apply)
    }

  # module.network.aws_subnet.public["0"] will be created
  + resource "aws_subnet" "public" {
      + arn                                            = (known after apply)
      + assign_ipv6_address_on_creation                = false
      + availability_zone                              = "ap-northeast-1a"
      + availability_zone_id                           = (known after apply)
      + cidr_block                                     = "10.0.0.0/24"
      + enable_dns64                                   = false
      + enable_resource_name_dns_a_record_on_launch    = false
      + enable_resource_name_dns_aaaa_record_on_launch = false
      + id                                             = (known after apply)
      + ipv6_cidr_block_association_id                 = (known after apply)
      + ipv6_native                                    = false
      + map_public_ip_on_launch                        = true
      + owner_id                                       = (known after apply)
      + private_dns_hostname_type_on_launch            = (known after apply)
      + tags                                           = {
          + "Env"  = "prod"
          + "Name" = "train-reservation-prod-public-0"
          + "Tier" = "public"
        }
      + tags_all                                       = {
          + "Env"  = "prod"
          + "Name" = "train-reservation-prod-public-0"
          + "Tier" = "public"
        }
      + vpc_id                                         = (known after apply)
    }

  # module.network.aws_subnet.public["1"] will be created
  + resource "aws_subnet" "public" {
      + arn                                            = (known after apply)
      + assign_ipv6_address_on_creation                = false
      + availability_zone                              = "ap-northeast-1c"
      + availability_zone_id                           = (known after apply)
      + cidr_block                                     = "10.0.1.0/24"
      + enable_dns64                                   = false
      + enable_resource_name_dns_a_record_on_launch    = false
      + enable_resource_name_dns_aaaa_record_on_launch = false
      + id                                             = (known after apply)
      + ipv6_cidr_block_association_id                 = (known after apply)
      + ipv6_native                                    = false
      + map_public_ip_on_launch                        = true
      + owner_id                                       = (known after apply)
      + private_dns_hostname_type_on_launch            = (known after apply)
      + tags                                           = {
          + "Env"  = "prod"
          + "Name" = "train-reservation-prod-public-1"
          + "Tier" = "public"
        }
      + tags_all                                       = {
          + "Env"  = "prod"
          + "Name" = "train-reservation-prod-public-1"
          + "Tier" = "public"
        }
      + vpc_id                                         = (known after apply)
    }

  # module.network.aws_vpc.this will be created
  + resource "aws_vpc" "this" {
      + arn                                  = (known after apply)
      + cidr_block                           = "10.0.0.0/16"
      + default_network_acl_id               = (known after apply)
      + default_route_table_id               = (known after apply)
      + default_security_group_id            = (known after apply)
      + dhcp_options_id                      = (known after apply)
      + enable_dns_hostnames                 = true
      + enable_dns_support                   = true
      + enable_network_address_usage_metrics = (known after apply)
      + id                                   = (known after apply)
      + instance_tenancy                     = "default"
      + ipv6_association_id                  = (known after apply)
      + ipv6_cidr_block                      = (known after apply)
      + ipv6_cidr_block_network_border_group = (known after apply)
      + main_route_table_id                  = (known after apply)
      + owner_id                             = (known after apply)
      + tags                                 = {
          + "Env"  = "prod"
          + "Name" = "train-reservation-prod-vpc"
        }
      + tags_all                             = {
          + "Env"  = "prod"
          + "Name" = "train-reservation-prod-vpc"
        }
    }

Plan: 21 to add, 0 to change, 0 to destroy.

───────────────────────────────────────────────────────────────────────────────────────────────────────────────────────────────────────────────────────────────────────────────────────────────────────────

Note: You didn't use the -out option to save this plan, so Terraform can't guarantee to take exactly these actions if you run "terraform apply" now.

